
Microsoft Visual Studio Solution File, Format Version 12.00
# Visual Studio 15
VisualStudioVersion = 15.0.26430.6
MinimumVisualStudioVersion = 10.0.40219.1
Project("{FAE04EC0-301F-11D3-BF4B-00C04F79EFBC}") = "MTEAPI", "MTEAPI\MTEAPI.csproj", "{2C1ADCDA-F504-4917-9726-E06D319D34CC}"
EndProject
Global
	GlobalSection(SolutionConfigurationPlatforms) = preSolution
		Debug|Any CPU = Debug|Any CPU
		Release|Any CPU = Release|Any CPU
	EndGlobalSection
	GlobalSection(ProjectConfigurationPlatforms) = postSolution
		{2C1ADCDA-F504-4917-9726-E06D319D34CC}.Debug|Any CPU.ActiveCfg = Debug|Any CPU
		{2C1ADCDA-F504-4917-9726-E06D319D34CC}.Debug|Any CPU.Build.0 = Debug|Any CPU
		{2C1ADCDA-F504-4917-9726-E06D319D34CC}.Release|Any CPU.ActiveCfg = Release|Any CPU
		{2C1ADCDA-F504-4917-9726-E06D319D34CC}.Release|Any CPU.Build.0 = Release|Any CPU
	EndGlobalSection
	GlobalSection(SolutionProperties) = preSolution
		HideSolutionNode = FALSE
	EndGlobalSection
	GlobalSection(TeamFoundationVersionControl) = preSolution
		SccNumberOfProjects = 2
		SccEnterpriseProvider = {4CA58AB2-18FA-4F8D-95D4-32DDF27D184C}
		SccTeamFoundationServer = https://kalin.visualstudio.com/
		SccLocalPath0 = .
		SccProjectUniqueName1 = MTEAPI\\MTEAPI.csproj
		SccProjectName1 = MTEAPI
		SccLocalPath1 = MTEAPI
	EndGlobalSection
EndGlobal
